// !$*UTF8*$!
{
	archiveVersion = 1;
	classes = {
	};
	objectVersion = 56;
	objects = {

/* Begin PBXBuildFile section */
		3028DAC52DD221A100E56379 /* RegisterView.swift in Sources */ = {isa = PBXBuildFile; fileRef = 3028DAC42DD221A100E56379 /* RegisterView.swift */; };
		3028DAC72DD2220B00E56379 /* GoalSelectionView.swift in Sources */ = {isa = PBXBuildFile; fileRef = 3028DAC62DD2220B00E56379 /* GoalSelectionView.swift */; };
		3028DACB2DD2511E00E56379 /* MainTabView.swift in Sources */ = {isa = PBXBuildFile; fileRef = 3028DACA2DD2511E00E56379 /* MainTabView.swift */; };
		3028DACD2DD252B600E56379 /* DashboardView.swift in Sources */ = {isa = PBXBuildFile; fileRef = 3028DACC2DD252B600E56379 /* DashboardView.swift */; };
		3028DACF2DD254D100E56379 /* WorkoutView.swift in Sources */ = {isa = PBXBuildFile; fileRef = 3028DACE2DD254D100E56379 /* WorkoutView.swift */; };
		3028DAD12DD254DE00E56379 /* FoodView.swift in Sources */ = {isa = PBXBuildFile; fileRef = 3028DAD02DD254DE00E56379 /* FoodView.swift */; };
		3028DAD32DD2552800E56379 /* ShopView.swift in Sources */ = {isa = PBXBuildFile; fileRef = 3028DAD22DD2552800E56379 /* ShopView.swift */; };
		30FCC3302DD3225000745018 /* ProductDetailView.swift in Sources */ = {isa = PBXBuildFile; fileRef = 30FCC32F2DD3225000745018 /* ProductDetailView.swift */; };
		30FCC3322DD3294300745018 /* AddFoodView.swift in Sources */ = {isa = PBXBuildFile; fileRef = 30FCC3312DD3294300745018 /* AddFoodView.swift */; };
		30FCC3342DD32CE200745018 /* FoodItem.swift in Sources */ = {isa = PBXBuildFile; fileRef = 30FCC3332DD32CE200745018 /* FoodItem.swift */; };
		30FCC3362DD33CD000745018 /* DiaryView.swift in Sources */ = {isa = PBXBuildFile; fileRef = 30FCC3352DD33CD000745018 /* DiaryView.swift */; };
		30FCC3382DD33FB900745018 /* TrackingView.swift in Sources */ = {isa = PBXBuildFile; fileRef = 30FCC3372DD33FB900745018 /* TrackingView.swift */; };
		30FCC33A2DD3489F00745018 /* DrawerLayoutView.swift in Sources */ = {isa = PBXBuildFile; fileRef = 30FCC3392DD3489F00745018 /* DrawerLayoutView.swift */; };
		95454EB92DCE24BC00DD5D75 /* LoginView.swift in Sources */ = {isa = PBXBuildFile; fileRef = 95454EB82DCE24BC00DD5D75 /* LoginView.swift */; };
		95C2843A2DD38040000D6901 /* FoodRecognitionView.swift in Sources */ = {isa = PBXBuildFile; fileRef = 95C284392DD38040000D6901 /* FoodRecognitionView.swift */; };
		95C2843C2DD3807D000D6901 /* FoodRecognitionViewModel.swift in Sources */ = {isa = PBXBuildFile; fileRef = 95C2843B2DD3807D000D6901 /* FoodRecognitionViewModel.swift */; };
		95C2843E2DD380B6000D6901 /* CameraView.swift in Sources */ = {isa = PBXBuildFile; fileRef = 95C2843D2DD380B6000D6901 /* CameraView.swift */; };
		95C284402DD380F0000D6901 /* ImagePicker.swift in Sources */ = {isa = PBXBuildFile; fileRef = 95C2843F2DD380F0000D6901 /* ImagePicker.swift */; };
		95C284422DD38117000D6901 /* FoodService.swift in Sources */ = {isa = PBXBuildFile; fileRef = 95C284412DD38117000D6901 /* FoodService.swift */; };
		95C284452DD39268000D6901 /* Food101.mlmodel in Sources */ = {isa = PBXBuildFile; fileRef = 95C284442DD39268000D6901 /* Food101.mlmodel */; };
		E10CE2122DD25983009B0821 /* AuthService.swift in Sources */ = {isa = PBXBuildFile; fileRef = E10CE2112DD25983009B0821 /* AuthService.swift */; };
		E10CE2142DD25A89009B0821 /* GoogleService-Info.plist in Resources */ = {isa = PBXBuildFile; fileRef = E10CE2132DD25A89009B0821 /* GoogleService-Info.plist */; };
		E10CE2172DD25BE0009B0821 /* FirebaseAuth in Frameworks */ = {isa = PBXBuildFile; productRef = E10CE2162DD25BE0009B0821 /* FirebaseAuth */; };
		E10CE2192DD25BE0009B0821 /* FirebaseCore in Frameworks */ = {isa = PBXBuildFile; productRef = E10CE2182DD25BE0009B0821 /* FirebaseCore */; };
		E10CE21B2DD25BE0009B0821 /* FirebaseFirestore in Frameworks */ = {isa = PBXBuildFile; productRef = E10CE21A2DD25BE0009B0821 /* FirebaseFirestore */; };
		E10CE26C2DD25D6C009B0821 /* User.swift in Sources */ = {isa = PBXBuildFile; fileRef = E10CE2682DD25D6C009B0821 /* User.swift */; };
		E10CE26D2DD25D6C009B0821 /* Food.swift in Sources */ = {isa = PBXBuildFile; fileRef = E10CE2692DD25D6C009B0821 /* Food.swift */; };
		E10CE26E2DD25D6C009B0821 /* LoginUserRequest.swift in Sources */ = {isa = PBXBuildFile; fileRef = E10CE26A2DD25D6C009B0821 /* LoginUserRequest.swift */; };
		E10CE26F2DD25D6C009B0821 /* RegisterUserRequest.swift in Sources */ = {isa = PBXBuildFile; fileRef = E10CE26B2DD25D6C009B0821 /* RegisterUserRequest.swift */; };
		E161D9E82DC22C1D00F0D451 /* SwiftUIAppFinal2568App.swift in Sources */ = {isa = PBXBuildFile; fileRef = E161D9E72DC22C1D00F0D451 /* SwiftUIAppFinal2568App.swift */; };
		E161D9EA2DC22C1D00F0D451 /* ContentView.swift in Sources */ = {isa = PBXBuildFile; fileRef = E161D9E92DC22C1D00F0D451 /* ContentView.swift */; };
		E161D9EC2DC22C1E00F0D451 /* Assets.xcassets in Resources */ = {isa = PBXBuildFile; fileRef = E161D9EB2DC22C1E00F0D451 /* Assets.xcassets */; };
		E161D9EF2DC22C1E00F0D451 /* Preview Assets.xcassets in Resources */ = {isa = PBXBuildFile; fileRef = E161D9EE2DC22C1E00F0D451 /* Preview Assets.xcassets */; };
		E1A900EE2DD2914700DF6E8A /* UserAuth.swift in Sources */ = {isa = PBXBuildFile; fileRef = E1A900ED2DD2914700DF6E8A /* UserAuth.swift */; };
		E1A900F22DD2A81800DF6E8A /* NavigationBarConfig.swift in Sources */ = {isa = PBXBuildFile; fileRef = E1A900F12DD2A81800DF6E8A /* NavigationBarConfig.swift */; };
		E1A9011A2DD3591A00DF6E8A /* AlertManager.swift in Sources */ = {isa = PBXBuildFile; fileRef = E1A901132DD3591A00DF6E8A /* AlertManager.swift */; };
		E1A9011B2DD3591A00DF6E8A /* plistLoader.swift in Sources */ = {isa = PBXBuildFile; fileRef = E1A901192DD3591A00DF6E8A /* plistLoader.swift */; };
		E1A9011D2DD3591A00DF6E8A /* Weight training_Chest.mp4 in Resources */ = {isa = PBXBuildFile; fileRef = E1A9010D2DD3591A00DF6E8A /* Weight training_Chest.mp4 */; };
		E1A9011E2DD3591A00DF6E8A /* Weight training_Lower body.mp4 in Resources */ = {isa = PBXBuildFile; fileRef = E1A9010F2DD3591A00DF6E8A /* Weight training_Lower body.mp4 */; };
		E1A9011F2DD3591A00DF6E8A /* Legs.png in Resources */ = {isa = PBXBuildFile; fileRef = E1A900FB2DD3591A00DF6E8A /* Legs.png */; };
		E1A901202DD3591A00DF6E8A /* Bodyweight_Legs.mp4 in Resources */ = {isa = PBXBuildFile; fileRef = E1A901082DD3591A00DF6E8A /* Bodyweight_Legs.mp4 */; };
		E1A901212DD3591A00DF6E8A /* Workout.png in Resources */ = {isa = PBXBuildFile; fileRef = E1A901032DD3591A00DF6E8A /* Workout.png */; };
		E1A901222DD3591A00DF6E8A /* FlexGenius.png in Resources */ = {isa = PBXBuildFile; fileRef = E1A900F32DD3591A00DF6E8A /* FlexGenius.png */; };
		E1A901232DD3591A00DF6E8A /* Lazada.png in Resources */ = {isa = PBXBuildFile; fileRef = E1A900F52DD3591A00DF6E8A /* Lazada.png */; };
		E1A901242DD3591A00DF6E8A /* Fitwhey.png in Resources */ = {isa = PBXBuildFile; fileRef = E1A900F42DD3591A00DF6E8A /* Fitwhey.png */; };
		E1A901252DD3591A00DF6E8A /* Back.png in Resources */ = {isa = PBXBuildFile; fileRef = E1A900F92DD3591A00DF6E8A /* Back.png */; };
		E1A901262DD3591A00DF6E8A /* snackData.plist in Resources */ = {isa = PBXBuildFile; fileRef = E1A901172DD3591A00DF6E8A /* snackData.plist */; };
		E1A901272DD3591A00DF6E8A /* Food.png in Resources */ = {isa = PBXBuildFile; fileRef = E1A901012DD3591A00DF6E8A /* Food.png */; };
		E1A901282DD3591A00DF6E8A /* Chest.png in Resources */ = {isa = PBXBuildFile; fileRef = E1A900FA2DD3591A00DF6E8A /* Chest.png */; };
		E1A901292DD3591A00DF6E8A /* Bodyweight_Back.mp4 in Resources */ = {isa = PBXBuildFile; fileRef = E1A901062DD3591A00DF6E8A /* Bodyweight_Back.mp4 */; };
		E1A9012A2DD3591A00DF6E8A /* Weight training_Abs.mp4 in Resources */ = {isa = PBXBuildFile; fileRef = E1A9010B2DD3591A00DF6E8A /* Weight training_Abs.mp4 */; };
		E1A9012B2DD3591A00DF6E8A /* Upper body.png in Resources */ = {isa = PBXBuildFile; fileRef = E1A900FD2DD3591A00DF6E8A /* Upper body.png */; };
		E1A9012C2DD3591A00DF6E8A /* Bodyweight_Chest.mp4 in Resources */ = {isa = PBXBuildFile; fileRef = E1A901072DD3591A00DF6E8A /* Bodyweight_Chest.mp4 */; };
		E1A9012D2DD3591A00DF6E8A /* foodData.plist in Resources */ = {isa = PBXBuildFile; fileRef = E1A901162DD3591A00DF6E8A /* foodData.plist */; };
		E1A9012E2DD3591A00DF6E8A /* exerciseData.plist in Resources */ = {isa = PBXBuildFile; fileRef = E1A901152DD3591A00DF6E8A /* exerciseData.plist */; };
		E1A9012F2DD3591A00DF6E8A /* Weight training_Legs.mp4 in Resources */ = {isa = PBXBuildFile; fileRef = E1A9010E2DD3591A00DF6E8A /* Weight training_Legs.mp4 */; };
		E1A901302DD3591A00DF6E8A /* Bodyweight.png in Resources */ = {isa = PBXBuildFile; fileRef = E1A900FF2DD3591A00DF6E8A /* Bodyweight.png */; };
		E1A901312DD3591A00DF6E8A /* Bodyweight_Lower body.mp4 in Resources */ = {isa = PBXBuildFile; fileRef = E1A901092DD3591A00DF6E8A /* Bodyweight_Lower body.mp4 */; };
		E1A901322DD3591A00DF6E8A /* Shopee.png in Resources */ = {isa = PBXBuildFile; fileRef = E1A900F62DD3591A00DF6E8A /* Shopee.png */; };
		E1A901332DD3591A00DF6E8A /* Weight training_Back.mp4 in Resources */ = {isa = PBXBuildFile; fileRef = E1A9010C2DD3591A00DF6E8A /* Weight training_Back.mp4 */; };
		E1A901342DD3591A00DF6E8A /* Lower body.png in Resources */ = {isa = PBXBuildFile; fileRef = E1A900FC2DD3591A00DF6E8A /* Lower body.png */; };
		E1A901352DD3591A00DF6E8A /* Abs.png in Resources */ = {isa = PBXBuildFile; fileRef = E1A900F82DD3591A00DF6E8A /* Abs.png */; };
		E1A901362DD3591A00DF6E8A /* shopData.plist in Resources */ = {isa = PBXBuildFile; fileRef = E1A901182DD3591A00DF6E8A /* shopData.plist */; };
		E1A901372DD3591A00DF6E8A /* Weight training_Upper body.mp4 in Resources */ = {isa = PBXBuildFile; fileRef = E1A901102DD3591A00DF6E8A /* Weight training_Upper body.mp4 */; };
		E1A901382DD3591A00DF6E8A /* Shop.png in Resources */ = {isa = PBXBuildFile; fileRef = E1A901022DD3591A00DF6E8A /* Shop.png */; };
		E1A901392DD3591A00DF6E8A /* Bodyweight_Upper body.mp4 in Resources */ = {isa = PBXBuildFile; fileRef = E1A9010A2DD3591A00DF6E8A /* Bodyweight_Upper body.mp4 */; };
		E1A9013A2DD3591A00DF6E8A /* Weight training.png in Resources */ = {isa = PBXBuildFile; fileRef = E1A901002DD3591A00DF6E8A /* Weight training.png */; };
		E1A9013B2DD3591A00DF6E8A /* Bodyweight_Abs.mp4 in Resources */ = {isa = PBXBuildFile; fileRef = E1A901052DD3591A00DF6E8A /* Bodyweight_Abs.mp4 */; };
/* End PBXBuildFile section */

/* Begin PBXFileReference section */
		3028DAC42DD221A100E56379 /* RegisterView.swift */ = {isa = PBXFileReference; lastKnownFileType = sourcecode.swift; path = RegisterView.swift; sourceTree = "<group>"; };
		3028DAC62DD2220B00E56379 /* GoalSelectionView.swift */ = {isa = PBXFileReference; lastKnownFileType = sourcecode.swift; path = GoalSelectionView.swift; sourceTree = "<group>"; };
		3028DACA2DD2511E00E56379 /* MainTabView.swift */ = {isa = PBXFileReference; lastKnownFileType = sourcecode.swift; path = MainTabView.swift; sourceTree = "<group>"; };
		3028DACC2DD252B600E56379 /* DashboardView.swift */ = {isa = PBXFileReference; lastKnownFileType = sourcecode.swift; path = DashboardView.swift; sourceTree = "<group>"; };
		3028DACE2DD254D100E56379 /* WorkoutView.swift */ = {isa = PBXFileReference; lastKnownFileType = sourcecode.swift; path = WorkoutView.swift; sourceTree = "<group>"; };
		3028DAD02DD254DE00E56379 /* FoodView.swift */ = {isa = PBXFileReference; lastKnownFileType = sourcecode.swift; path = FoodView.swift; sourceTree = "<group>"; };
		3028DAD22DD2552800E56379 /* ShopView.swift */ = {isa = PBXFileReference; lastKnownFileType = sourcecode.swift; path = ShopView.swift; sourceTree = "<group>"; };
		30FCC32F2DD3225000745018 /* ProductDetailView.swift */ = {isa = PBXFileReference; lastKnownFileType = sourcecode.swift; path = ProductDetailView.swift; sourceTree = "<group>"; };
		30FCC3312DD3294300745018 /* AddFoodView.swift */ = {isa = PBXFileReference; lastKnownFileType = sourcecode.swift; path = AddFoodView.swift; sourceTree = "<group>"; };
		30FCC3332DD32CE200745018 /* FoodItem.swift */ = {isa = PBXFileReference; lastKnownFileType = sourcecode.swift; path = FoodItem.swift; sourceTree = "<group>"; };
		30FCC3352DD33CD000745018 /* DiaryView.swift */ = {isa = PBXFileReference; lastKnownFileType = sourcecode.swift; path = DiaryView.swift; sourceTree = "<group>"; };
		30FCC3372DD33FB900745018 /* TrackingView.swift */ = {isa = PBXFileReference; lastKnownFileType = sourcecode.swift; path = TrackingView.swift; sourceTree = "<group>"; };
		30FCC3392DD3489F00745018 /* DrawerLayoutView.swift */ = {isa = PBXFileReference; lastKnownFileType = sourcecode.swift; path = DrawerLayoutView.swift; sourceTree = "<group>"; };
		95454EB82DCE24BC00DD5D75 /* LoginView.swift */ = {isa = PBXFileReference; lastKnownFileType = sourcecode.swift; path = LoginView.swift; sourceTree = "<group>"; };
		95C284392DD38040000D6901 /* FoodRecognitionView.swift */ = {isa = PBXFileReference; lastKnownFileType = sourcecode.swift; path = FoodRecognitionView.swift; sourceTree = "<group>"; };
		95C2843B2DD3807D000D6901 /* FoodRecognitionViewModel.swift */ = {isa = PBXFileReference; lastKnownFileType = sourcecode.swift; path = FoodRecognitionViewModel.swift; sourceTree = "<group>"; };
		95C2843D2DD380B6000D6901 /* CameraView.swift */ = {isa = PBXFileReference; lastKnownFileType = sourcecode.swift; path = CameraView.swift; sourceTree = "<group>"; };
		95C2843F2DD380F0000D6901 /* ImagePicker.swift */ = {isa = PBXFileReference; lastKnownFileType = sourcecode.swift; path = ImagePicker.swift; sourceTree = "<group>"; };
		95C284412DD38117000D6901 /* FoodService.swift */ = {isa = PBXFileReference; lastKnownFileType = sourcecode.swift; path = FoodService.swift; sourceTree = "<group>"; };
		95C284442DD39268000D6901 /* Food101.mlmodel */ = {isa = PBXFileReference; lastKnownFileType = file.mlmodel; path = Food101.mlmodel; sourceTree = "<group>"; };
		E10CE2112DD25983009B0821 /* AuthService.swift */ = {isa = PBXFileReference; lastKnownFileType = sourcecode.swift; path = AuthService.swift; sourceTree = "<group>"; };
		E10CE2132DD25A89009B0821 /* GoogleService-Info.plist */ = {isa = PBXFileReference; fileEncoding = 4; lastKnownFileType = text.plist.xml; path = "GoogleService-Info.plist"; sourceTree = "<group>"; };
		E10CE2682DD25D6C009B0821 /* User.swift */ = {isa = PBXFileReference; fileEncoding = 4; lastKnownFileType = sourcecode.swift; path = User.swift; sourceTree = "<group>"; };
		E10CE2692DD25D6C009B0821 /* Food.swift */ = {isa = PBXFileReference; fileEncoding = 4; lastKnownFileType = sourcecode.swift; path = Food.swift; sourceTree = "<group>"; };
		E10CE26A2DD25D6C009B0821 /* LoginUserRequest.swift */ = {isa = PBXFileReference; fileEncoding = 4; lastKnownFileType = sourcecode.swift; path = LoginUserRequest.swift; sourceTree = "<group>"; };
		E10CE26B2DD25D6C009B0821 /* RegisterUserRequest.swift */ = {isa = PBXFileReference; fileEncoding = 4; lastKnownFileType = sourcecode.swift; path = RegisterUserRequest.swift; sourceTree = "<group>"; };
		E161D9E42DC22C1D00F0D451 /* SwiftUIAppFinal2568.app */ = {isa = PBXFileReference; explicitFileType = wrapper.application; includeInIndex = 0; path = SwiftUIAppFinal2568.app; sourceTree = BUILT_PRODUCTS_DIR; };
		E161D9E72DC22C1D00F0D451 /* SwiftUIAppFinal2568App.swift */ = {isa = PBXFileReference; lastKnownFileType = sourcecode.swift; path = SwiftUIAppFinal2568App.swift; sourceTree = "<group>"; };
		E161D9E92DC22C1D00F0D451 /* ContentView.swift */ = {isa = PBXFileReference; lastKnownFileType = sourcecode.swift; path = ContentView.swift; sourceTree = "<group>"; };
		E161D9EB2DC22C1E00F0D451 /* Assets.xcassets */ = {isa = PBXFileReference; lastKnownFileType = folder.assetcatalog; path = Assets.xcassets; sourceTree = "<group>"; };
		E161D9EE2DC22C1E00F0D451 /* Preview Assets.xcassets */ = {isa = PBXFileReference; lastKnownFileType = folder.assetcatalog; path = "Preview Assets.xcassets"; sourceTree = "<group>"; };
		E1A900ED2DD2914700DF6E8A /* UserAuth.swift */ = {isa = PBXFileReference; lastKnownFileType = sourcecode.swift; path = UserAuth.swift; sourceTree = "<group>"; };
		E1A900F12DD2A81800DF6E8A /* NavigationBarConfig.swift */ = {isa = PBXFileReference; lastKnownFileType = sourcecode.swift; path = NavigationBarConfig.swift; sourceTree = "<group>"; };
		E1A900F32DD3591A00DF6E8A /* FlexGenius.png */ = {isa = PBXFileReference; lastKnownFileType = image.png; name = FlexGenius.png; path = SwiftUIAppFinal2568/Data/FlexGenius.png; sourceTree = SOURCE_ROOT; };
		E1A900F42DD3591A00DF6E8A /* Fitwhey.png */ = {isa = PBXFileReference; lastKnownFileType = image.png; name = Fitwhey.png; path = SwiftUIAppFinal2568/Data/Fitwhey.png; sourceTree = SOURCE_ROOT; };
		E1A900F52DD3591A00DF6E8A /* Lazada.png */ = {isa = PBXFileReference; lastKnownFileType = image.png; name = Lazada.png; path = SwiftUIAppFinal2568/Data/Lazada.png; sourceTree = SOURCE_ROOT; };
		E1A900F62DD3591A00DF6E8A /* Shopee.png */ = {isa = PBXFileReference; lastKnownFileType = image.png; name = Shopee.png; path = SwiftUIAppFinal2568/Data/Shopee.png; sourceTree = SOURCE_ROOT; };
		E1A900F82DD3591A00DF6E8A /* Abs.png */ = {isa = PBXFileReference; lastKnownFileType = image.png; name = Abs.png; path = SwiftUIAppFinal2568/Data/Abs.png; sourceTree = SOURCE_ROOT; };
		E1A900F92DD3591A00DF6E8A /* Back.png */ = {isa = PBXFileReference; lastKnownFileType = image.png; name = Back.png; path = SwiftUIAppFinal2568/Data/Back.png; sourceTree = SOURCE_ROOT; };
		E1A900FA2DD3591A00DF6E8A /* Chest.png */ = {isa = PBXFileReference; lastKnownFileType = image.png; name = Chest.png; path = SwiftUIAppFinal2568/Data/Chest.png; sourceTree = SOURCE_ROOT; };
		E1A900FB2DD3591A00DF6E8A /* Legs.png */ = {isa = PBXFileReference; lastKnownFileType = image.png; name = Legs.png; path = SwiftUIAppFinal2568/Data/Legs.png; sourceTree = SOURCE_ROOT; };
		E1A900FC2DD3591A00DF6E8A /* Lower body.png */ = {isa = PBXFileReference; lastKnownFileType = image.png; name = "Lower body.png"; path = "SwiftUIAppFinal2568/Data/Lower body.png"; sourceTree = SOURCE_ROOT; };
		E1A900FD2DD3591A00DF6E8A /* Upper body.png */ = {isa = PBXFileReference; lastKnownFileType = image.png; name = "Upper body.png"; path = "SwiftUIAppFinal2568/Data/Upper body.png"; sourceTree = SOURCE_ROOT; };
		E1A900FF2DD3591A00DF6E8A /* Bodyweight.png */ = {isa = PBXFileReference; lastKnownFileType = image.png; name = Bodyweight.png; path = SwiftUIAppFinal2568/Data/Bodyweight.png; sourceTree = SOURCE_ROOT; };
		E1A901002DD3591A00DF6E8A /* Weight training.png */ = {isa = PBXFileReference; lastKnownFileType = image.png; name = "Weight training.png"; path = "SwiftUIAppFinal2568/Data/Weight training.png"; sourceTree = SOURCE_ROOT; };
		E1A901012DD3591A00DF6E8A /* Food.png */ = {isa = PBXFileReference; lastKnownFileType = image.png; name = Food.png; path = SwiftUIAppFinal2568/Data/Food.png; sourceTree = SOURCE_ROOT; };
		E1A901022DD3591A00DF6E8A /* Shop.png */ = {isa = PBXFileReference; lastKnownFileType = image.png; name = Shop.png; path = SwiftUIAppFinal2568/Data/Shop.png; sourceTree = SOURCE_ROOT; };
		E1A901032DD3591A00DF6E8A /* Workout.png */ = {isa = PBXFileReference; lastKnownFileType = image.png; name = Workout.png; path = SwiftUIAppFinal2568/Data/Workout.png; sourceTree = SOURCE_ROOT; };
		E1A901052DD3591A00DF6E8A /* Bodyweight_Abs.mp4 */ = {isa = PBXFileReference; lastKnownFileType = file; name = Bodyweight_Abs.mp4; path = SwiftUIAppFinal2568/Data/Bodyweight_Abs.mp4; sourceTree = SOURCE_ROOT; };
		E1A901062DD3591A00DF6E8A /* Bodyweight_Back.mp4 */ = {isa = PBXFileReference; lastKnownFileType = file; name = Bodyweight_Back.mp4; path = SwiftUIAppFinal2568/Data/Bodyweight_Back.mp4; sourceTree = SOURCE_ROOT; };
		E1A901072DD3591A00DF6E8A /* Bodyweight_Chest.mp4 */ = {isa = PBXFileReference; lastKnownFileType = file; name = Bodyweight_Chest.mp4; path = SwiftUIAppFinal2568/Data/Bodyweight_Chest.mp4; sourceTree = SOURCE_ROOT; };
		E1A901082DD3591A00DF6E8A /* Bodyweight_Legs.mp4 */ = {isa = PBXFileReference; lastKnownFileType = file; name = Bodyweight_Legs.mp4; path = SwiftUIAppFinal2568/Data/Bodyweight_Legs.mp4; sourceTree = SOURCE_ROOT; };
		E1A901092DD3591A00DF6E8A /* Bodyweight_Lower body.mp4 */ = {isa = PBXFileReference; lastKnownFileType = file; name = "Bodyweight_Lower body.mp4"; path = "SwiftUIAppFinal2568/Data/Bodyweight_Lower body.mp4"; sourceTree = SOURCE_ROOT; };
		E1A9010A2DD3591A00DF6E8A /* Bodyweight_Upper body.mp4 */ = {isa = PBXFileReference; lastKnownFileType = file; name = "Bodyweight_Upper body.mp4"; path = "SwiftUIAppFinal2568/Data/Bodyweight_Upper body.mp4"; sourceTree = SOURCE_ROOT; };
		E1A9010B2DD3591A00DF6E8A /* Weight training_Abs.mp4 */ = {isa = PBXFileReference; lastKnownFileType = file; name = "Weight training_Abs.mp4"; path = "SwiftUIAppFinal2568/Data/Weight training_Abs.mp4"; sourceTree = SOURCE_ROOT; };
		E1A9010C2DD3591A00DF6E8A /* Weight training_Back.mp4 */ = {isa = PBXFileReference; lastKnownFileType = file; name = "Weight training_Back.mp4"; path = "SwiftUIAppFinal2568/Data/Weight training_Back.mp4"; sourceTree = SOURCE_ROOT; };
		E1A9010D2DD3591A00DF6E8A /* Weight training_Chest.mp4 */ = {isa = PBXFileReference; lastKnownFileType = file; name = "Weight training_Chest.mp4"; path = "SwiftUIAppFinal2568/Data/Weight training_Chest.mp4"; sourceTree = SOURCE_ROOT; };
		E1A9010E2DD3591A00DF6E8A /* Weight training_Legs.mp4 */ = {isa = PBXFileReference; lastKnownFileType = file; name = "Weight training_Legs.mp4"; path = "SwiftUIAppFinal2568/Data/Weight training_Legs.mp4"; sourceTree = SOURCE_ROOT; };
		E1A9010F2DD3591A00DF6E8A /* Weight training_Lower body.mp4 */ = {isa = PBXFileReference; lastKnownFileType = file; name = "Weight training_Lower body.mp4"; path = "SwiftUIAppFinal2568/Data/Weight training_Lower body.mp4"; sourceTree = SOURCE_ROOT; };
		E1A901102DD3591A00DF6E8A /* Weight training_Upper body.mp4 */ = {isa = PBXFileReference; lastKnownFileType = file; name = "Weight training_Upper body.mp4"; path = "SwiftUIAppFinal2568/Data/Weight training_Upper body.mp4"; sourceTree = SOURCE_ROOT; };
		E1A901132DD3591A00DF6E8A /* AlertManager.swift */ = {isa = PBXFileReference; lastKnownFileType = sourcecode.swift; path = AlertManager.swift; sourceTree = "<group>"; };
		E1A901152DD3591A00DF6E8A /* exerciseData.plist */ = {isa = PBXFileReference; lastKnownFileType = text.plist.xml; path = exerciseData.plist; sourceTree = "<group>"; };
		E1A901162DD3591A00DF6E8A /* foodData.plist */ = {isa = PBXFileReference; lastKnownFileType = text.plist.xml; path = foodData.plist; sourceTree = "<group>"; };
		E1A901172DD3591A00DF6E8A /* snackData.plist */ = {isa = PBXFileReference; lastKnownFileType = text.plist.xml; path = snackData.plist; sourceTree = "<group>"; };
		E1A901182DD3591A00DF6E8A /* shopData.plist */ = {isa = PBXFileReference; lastKnownFileType = text.plist.xml; path = shopData.plist; sourceTree = "<group>"; };
		E1A901192DD3591A00DF6E8A /* plistLoader.swift */ = {isa = PBXFileReference; lastKnownFileType = sourcecode.swift; path = plistLoader.swift; sourceTree = "<group>"; };
/* End PBXFileReference section */

/* Begin PBXFrameworksBuildPhase section */
		E161D9E12DC22C1D00F0D451 /* Frameworks */ = {
			isa = PBXFrameworksBuildPhase;
			buildActionMask = 2147483647;
			files = (
				E10CE2192DD25BE0009B0821 /* FirebaseCore in Frameworks */,
				E10CE2172DD25BE0009B0821 /* FirebaseAuth in Frameworks */,
				E10CE21B2DD25BE0009B0821 /* FirebaseFirestore in Frameworks */,
			);
			runOnlyForDeploymentPostprocessing = 0;
		};
/* End PBXFrameworksBuildPhase section */

/* Begin PBXGroup section */
		E10CE2102DD2596C009B0821 /* Data */ = {
			isa = PBXGroup;
			children = (
				95C284442DD39268000D6901 /* Food101.mlmodel */,
				E1A901122DD3591A00DF6E8A /* File */,
				E10CE2672DD25D5E009B0821 /* Models */,
				E10CE2112DD25983009B0821 /* AuthService.swift */,
				E1A900ED2DD2914700DF6E8A /* UserAuth.swift */,
				E1A901132DD3591A00DF6E8A /* AlertManager.swift */,
				E1A901192DD3591A00DF6E8A /* plistLoader.swift */,
				E1A901152DD3591A00DF6E8A /* exerciseData.plist */,
				E1A901162DD3591A00DF6E8A /* foodData.plist */,
				E1A901172DD3591A00DF6E8A /* snackData.plist */,
				E1A901182DD3591A00DF6E8A /* shopData.plist */,
			);
			path = Data;
			sourceTree = "<group>";
		};
		E10CE2672DD25D5E009B0821 /* Models */ = {
			isa = PBXGroup;
			children = (
				E10CE26A2DD25D6C009B0821 /* LoginUserRequest.swift */,
				E10CE26B2DD25D6C009B0821 /* RegisterUserRequest.swift */,
				E10CE2682DD25D6C009B0821 /* User.swift */,
				E10CE2692DD25D6C009B0821 /* Food.swift */,
			);
			path = Models;
			sourceTree = "<group>";
		};
		E161D9DB2DC22C1D00F0D451 = {
			isa = PBXGroup;
			children = (
				E161D9E62DC22C1D00F0D451 /* SwiftUIAppFinal2568 */,
				E161D9E52DC22C1D00F0D451 /* Products */,
			);
			sourceTree = "<group>";
		};
		E161D9E52DC22C1D00F0D451 /* Products */ = {
			isa = PBXGroup;
			children = (
				E161D9E42DC22C1D00F0D451 /* SwiftUIAppFinal2568.app */,
			);
			name = Products;
			sourceTree = "<group>";
		};
		E161D9E62DC22C1D00F0D451 /* SwiftUIAppFinal2568 */ = {
			isa = PBXGroup;
			children = (
				E10CE2102DD2596C009B0821 /* Data */,
				E161D9E72DC22C1D00F0D451 /* SwiftUIAppFinal2568App.swift */,
				95C284392DD38040000D6901 /* FoodRecognitionView.swift */,
				95C2843B2DD3807D000D6901 /* FoodRecognitionViewModel.swift */,
				95C2843D2DD380B6000D6901 /* CameraView.swift */,
				95C2843F2DD380F0000D6901 /* ImagePicker.swift */,
				95C284412DD38117000D6901 /* FoodService.swift */,
				3028DACA2DD2511E00E56379 /* MainTabView.swift */,
				30FCC3392DD3489F00745018 /* DrawerLayoutView.swift */,
				3028DAD22DD2552800E56379 /* ShopView.swift */,
				30FCC32F2DD3225000745018 /* ProductDetailView.swift */,
				3028DACE2DD254D100E56379 /* WorkoutView.swift */,
				3028DAD02DD254DE00E56379 /* FoodView.swift */,
				30FCC3332DD32CE200745018 /* FoodItem.swift */,
				30FCC3312DD3294300745018 /* AddFoodView.swift */,
				3028DACC2DD252B600E56379 /* DashboardView.swift */,
				30FCC3352DD33CD000745018 /* DiaryView.swift */,
				30FCC3372DD33FB900745018 /* TrackingView.swift */,
				95454EB82DCE24BC00DD5D75 /* LoginView.swift */,
				3028DAC42DD221A100E56379 /* RegisterView.swift */,
				3028DAC62DD2220B00E56379 /* GoalSelectionView.swift */,
				E161D9E92DC22C1D00F0D451 /* ContentView.swift */,
				E161D9EB2DC22C1E00F0D451 /* Assets.xcassets */,
				E161D9ED2DC22C1E00F0D451 /* Preview Content */,
				E1A900F12DD2A81800DF6E8A /* NavigationBarConfig.swift */,
				E10CE2132DD25A89009B0821 /* GoogleService-Info.plist */,
			);
			path = SwiftUIAppFinal2568;
			sourceTree = "<group>";
		};
		E161D9ED2DC22C1E00F0D451 /* Preview Content */ = {
			isa = PBXGroup;
			children = (
				E161D9EE2DC22C1E00F0D451 /* Preview Assets.xcassets */,
			);
			path = "Preview Content";
			sourceTree = "<group>";
		};
		E1A900F72DD3591A00DF6E8A /* Shop */ = {
			isa = PBXGroup;
			children = (
				E1A900F42DD3591A00DF6E8A /* Fitwhey.png */,
				E1A900F52DD3591A00DF6E8A /* Lazada.png */,
				E1A900F62DD3591A00DF6E8A /* Shopee.png */,
			);
			name = Shop;
			sourceTree = "<group>";
		};
		E1A900FE2DD3591A00DF6E8A /* Body Part */ = {
			isa = PBXGroup;
			children = (
				E1A900F82DD3591A00DF6E8A /* Abs.png */,
				E1A900F92DD3591A00DF6E8A /* Back.png */,
				E1A900FA2DD3591A00DF6E8A /* Chest.png */,
				E1A900FB2DD3591A00DF6E8A /* Legs.png */,
				E1A900FC2DD3591A00DF6E8A /* Lower body.png */,
				E1A900FD2DD3591A00DF6E8A /* Upper body.png */,
			);
			name = "Body Part";
			sourceTree = "<group>";
		};
		E1A901042DD3591A00DF6E8A /* Images */ = {
			isa = PBXGroup;
			children = (
				E1A900F32DD3591A00DF6E8A /* FlexGenius.png */,
				E1A900F72DD3591A00DF6E8A /* Shop */,
				E1A900FE2DD3591A00DF6E8A /* Body Part */,
				E1A900FF2DD3591A00DF6E8A /* Bodyweight.png */,
				E1A901002DD3591A00DF6E8A /* Weight training.png */,
				E1A901012DD3591A00DF6E8A /* Food.png */,
				E1A901022DD3591A00DF6E8A /* Shop.png */,
				E1A901032DD3591A00DF6E8A /* Workout.png */,
			);
			name = Images;
			sourceTree = "<group>";
		};
		E1A901112DD3591A00DF6E8A /* Exercise Clip */ = {
			isa = PBXGroup;
			children = (
				E1A901052DD3591A00DF6E8A /* Bodyweight_Abs.mp4 */,
				E1A901062DD3591A00DF6E8A /* Bodyweight_Back.mp4 */,
				E1A901072DD3591A00DF6E8A /* Bodyweight_Chest.mp4 */,
				E1A901082DD3591A00DF6E8A /* Bodyweight_Legs.mp4 */,
				E1A901092DD3591A00DF6E8A /* Bodyweight_Lower body.mp4 */,
				E1A9010A2DD3591A00DF6E8A /* Bodyweight_Upper body.mp4 */,
				E1A9010B2DD3591A00DF6E8A /* Weight training_Abs.mp4 */,
				E1A9010C2DD3591A00DF6E8A /* Weight training_Back.mp4 */,
				E1A9010D2DD3591A00DF6E8A /* Weight training_Chest.mp4 */,
				E1A9010E2DD3591A00DF6E8A /* Weight training_Legs.mp4 */,
				E1A9010F2DD3591A00DF6E8A /* Weight training_Lower body.mp4 */,
				E1A901102DD3591A00DF6E8A /* Weight training_Upper body.mp4 */,
			);
			name = "Exercise Clip";
			sourceTree = "<group>";
		};
		E1A901122DD3591A00DF6E8A /* File */ = {
			isa = PBXGroup;
			children = (
				E1A901042DD3591A00DF6E8A /* Images */,
				E1A901112DD3591A00DF6E8A /* Exercise Clip */,
			);
			name = File;
			sourceTree = "<group>";
		};
/* End PBXGroup section */

/* Begin PBXNativeTarget section */
		E161D9E32DC22C1D00F0D451 /* SwiftUIAppFinal2568 */ = {
			isa = PBXNativeTarget;
			buildConfigurationList = E161D9F22DC22C1E00F0D451 /* Build configuration list for PBXNativeTarget "SwiftUIAppFinal2568" */;
			buildPhases = (
				E161D9E02DC22C1D00F0D451 /* Sources */,
				E161D9E12DC22C1D00F0D451 /* Frameworks */,
				E161D9E22DC22C1D00F0D451 /* Resources */,
			);
			buildRules = (
			);
			dependencies = (
			);
			name = SwiftUIAppFinal2568;
			packageProductDependencies = (
				E10CE2162DD25BE0009B0821 /* FirebaseAuth */,
				E10CE2182DD25BE0009B0821 /* FirebaseCore */,
				E10CE21A2DD25BE0009B0821 /* FirebaseFirestore */,
			);
			productName = AppFinal2568;
			productReference = E161D9E42DC22C1D00F0D451 /* SwiftUIAppFinal2568.app */;
			productType = "com.apple.product-type.application";
		};
/* End PBXNativeTarget section */

/* Begin PBXProject section */
		E161D9DC2DC22C1D00F0D451 /* Project object */ = {
			isa = PBXProject;
			attributes = {
				BuildIndependentTargetsInParallel = 1;
				LastSwiftUpdateCheck = 1540;
				LastUpgradeCheck = 1540;
				TargetAttributes = {
					E161D9E32DC22C1D00F0D451 = {
						CreatedOnToolsVersion = 15.4;
					};
				};
			};
			buildConfigurationList = E161D9DF2DC22C1D00F0D451 /* Build configuration list for PBXProject "SwiftUIAppFinal2568" */;
			compatibilityVersion = "Xcode 14.0";
			developmentRegion = en;
			hasScannedForEncodings = 0;
			knownRegions = (
				en,
				Base,
			);
			mainGroup = E161D9DB2DC22C1D00F0D451;
			packageReferences = (
				E10CE2152DD25BE0009B0821 /* XCRemoteSwiftPackageReference "firebase-ios-sdk" */,
			);
			productRefGroup = E161D9E52DC22C1D00F0D451 /* Products */;
			projectDirPath = "";
			projectRoot = "";
			targets = (
				E161D9E32DC22C1D00F0D451 /* SwiftUIAppFinal2568 */,
			);
		};
/* End PBXProject section */

/* Begin PBXResourcesBuildPhase section */
		E161D9E22DC22C1D00F0D451 /* Resources */ = {
			isa = PBXResourcesBuildPhase;
			buildActionMask = 2147483647;
			files = (
				E161D9EF2DC22C1E00F0D451 /* Preview Assets.xcassets in Resources */,
				E161D9EC2DC22C1E00F0D451 /* Assets.xcassets in Resources */,
				E10CE2142DD25A89009B0821 /* GoogleService-Info.plist in Resources */,
				E1A9011D2DD3591A00DF6E8A /* Weight training_Chest.mp4 in Resources */,
				E1A9011E2DD3591A00DF6E8A /* Weight training_Lower body.mp4 in Resources */,
				E1A9011F2DD3591A00DF6E8A /* Legs.png in Resources */,
				E1A901202DD3591A00DF6E8A /* Bodyweight_Legs.mp4 in Resources */,
				E1A901212DD3591A00DF6E8A /* Workout.png in Resources */,
				E1A901222DD3591A00DF6E8A /* FlexGenius.png in Resources */,
				E1A901232DD3591A00DF6E8A /* Lazada.png in Resources */,
				E1A901242DD3591A00DF6E8A /* Fitwhey.png in Resources */,
				E1A901252DD3591A00DF6E8A /* Back.png in Resources */,
				E1A901262DD3591A00DF6E8A /* snackData.plist in Resources */,
				E1A901272DD3591A00DF6E8A /* Food.png in Resources */,
				E1A901282DD3591A00DF6E8A /* Chest.png in Resources */,
				E1A901292DD3591A00DF6E8A /* Bodyweight_Back.mp4 in Resources */,
				E1A9012A2DD3591A00DF6E8A /* Weight training_Abs.mp4 in Resources */,
				E1A9012B2DD3591A00DF6E8A /* Upper body.png in Resources */,
				E1A9012C2DD3591A00DF6E8A /* Bodyweight_Chest.mp4 in Resources */,
				E1A9012D2DD3591A00DF6E8A /* foodData.plist in Resources */,
				E1A9012E2DD3591A00DF6E8A /* exerciseData.plist in Resources */,
				E1A9012F2DD3591A00DF6E8A /* Weight training_Legs.mp4 in Resources */,
				E1A901302DD3591A00DF6E8A /* Bodyweight.png in Resources */,
				E1A901312DD3591A00DF6E8A /* Bodyweight_Lower body.mp4 in Resources */,
				E1A901322DD3591A00DF6E8A /* Shopee.png in Resources */,
				E1A901332DD3591A00DF6E8A /* Weight training_Back.mp4 in Resources */,
				E1A901342DD3591A00DF6E8A /* Lower body.png in Resources */,
				E1A901352DD3591A00DF6E8A /* Abs.png in Resources */,
				E1A901362DD3591A00DF6E8A /* shopData.plist in Resources */,
				E1A901372DD3591A00DF6E8A /* Weight training_Upper body.mp4 in Resources */,
				E1A901382DD3591A00DF6E8A /* Shop.png in Resources */,
				E1A901392DD3591A00DF6E8A /* Bodyweight_Upper body.mp4 in Resources */,
				E1A9013A2DD3591A00DF6E8A /* Weight training.png in Resources */,
				E1A9013B2DD3591A00DF6E8A /* Bodyweight_Abs.mp4 in Resources */,
			);
			runOnlyForDeploymentPostprocessing = 0;
		};
/* End PBXResourcesBuildPhase section */

/* Begin PBXSourcesBuildPhase section */
		E161D9E02DC22C1D00F0D451 /* Sources */ = {
			isa = PBXSourcesBuildPhase;
			buildActionMask = 2147483647;
			files = (
				95C284452DD39268000D6901 /* Food101.mlmodel in Sources */,
				3028DAD12DD254DE00E56379 /* FoodView.swift in Sources */,
				E161D9EA2DC22C1D00F0D451 /* ContentView.swift in Sources */,
				3028DAC72DD2220B00E56379 /* GoalSelectionView.swift in Sources */,
				30FCC3382DD33FB900745018 /* TrackingView.swift in Sources */,
				3028DACF2DD254D100E56379 /* WorkoutView.swift in Sources */,
				30FCC3342DD32CE200745018 /* FoodItem.swift in Sources */,
				95454EB92DCE24BC00DD5D75 /* LoginView.swift in Sources */,
				3028DACD2DD252B600E56379 /* DashboardView.swift in Sources */,
				3028DACB2DD2511E00E56379 /* MainTabView.swift in Sources */,
				30FCC33A2DD3489F00745018 /* DrawerLayoutView.swift in Sources */,
				E10CE2122DD25983009B0821 /* AuthService.swift in Sources */,
				E10CE26C2DD25D6C009B0821 /* User.swift in Sources */,
				E10CE26D2DD25D6C009B0821 /* Food.swift in Sources */,
				E1A900F22DD2A81800DF6E8A /* NavigationBarConfig.swift in Sources */,
				E1A900EE2DD2914700DF6E8A /* UserAuth.swift in Sources */,
				95C2843E2DD380B6000D6901 /* CameraView.swift in Sources */,
				E10CE26E2DD25D6C009B0821 /* LoginUserRequest.swift in Sources */,
				95C284402DD380F0000D6901 /* ImagePicker.swift in Sources */,
				E10CE26F2DD25D6C009B0821 /* RegisterUserRequest.swift in Sources */,
				95C284422DD38117000D6901 /* FoodService.swift in Sources */,
				3028DAC52DD221A100E56379 /* RegisterView.swift in Sources */,
				95C2843A2DD38040000D6901 /* FoodRecognitionView.swift in Sources */,
				E1A9011A2DD3591A00DF6E8A /* AlertManager.swift in Sources */,
				E1A9011B2DD3591A00DF6E8A /* plistLoader.swift in Sources */,
				3028DAD32DD2552800E56379 /* ShopView.swift in Sources */,
				30FCC3362DD33CD000745018 /* DiaryView.swift in Sources */,
				30FCC3322DD3294300745018 /* AddFoodView.swift in Sources */,
				95C2843C2DD3807D000D6901 /* FoodRecognitionViewModel.swift in Sources */,
				E161D9E82DC22C1D00F0D451 /* SwiftUIAppFinal2568App.swift in Sources */,
				30FCC3302DD3225000745018 /* ProductDetailView.swift in Sources */,
			);
			runOnlyForDeploymentPostprocessing = 0;
		};
/* End PBXSourcesBuildPhase section */

/* Begin XCBuildConfiguration section */
		E161D9F02DC22C1E00F0D451 /* Debug */ = {
			isa = XCBuildConfiguration;
			buildSettings = {
				ALWAYS_SEARCH_USER_PATHS = NO;
				ASSETCATALOG_COMPILER_GENERATE_SWIFT_ASSET_SYMBOL_EXTENSIONS = YES;
				CLANG_ANALYZER_NONNULL = YES;
				CLANG_ANALYZER_NUMBER_OBJECT_CONVERSION = YES_AGGRESSIVE;
				CLANG_CXX_LANGUAGE_STANDARD = "gnu++20";
				CLANG_ENABLE_MODULES = YES;
				CLANG_ENABLE_OBJC_ARC = YES;
				CLANG_ENABLE_OBJC_WEAK = YES;
				CLANG_WARN_BLOCK_CAPTURE_AUTORELEASING = YES;
				CLANG_WARN_BOOL_CONVERSION = YES;
				CLANG_WARN_COMMA = YES;
				CLANG_WARN_CONSTANT_CONVERSION = YES;
				CLANG_WARN_DEPRECATED_OBJC_IMPLEMENTATIONS = YES;
				CLANG_WARN_DIRECT_OBJC_ISA_USAGE = YES_ERROR;
				CLANG_WARN_DOCUMENTATION_COMMENTS = YES;
				CLANG_WARN_EMPTY_BODY = YES;
				CLANG_WARN_ENUM_CONVERSION = YES;
				CLANG_WARN_INFINITE_RECURSION = YES;
				CLANG_WARN_INT_CONVERSION = YES;
				CLANG_WARN_NON_LITERAL_NULL_CONVERSION = YES;
				CLANG_WARN_OBJC_IMPLICIT_RETAIN_SELF = YES;
				CLANG_WARN_OBJC_LITERAL_CONVERSION = YES;
				CLANG_WARN_OBJC_ROOT_CLASS = YES_ERROR;
				CLANG_WARN_QUOTED_INCLUDE_IN_FRAMEWORK_HEADER = YES;
				CLANG_WARN_RANGE_LOOP_ANALYSIS = YES;
				CLANG_WARN_STRICT_PROTOTYPES = YES;
				CLANG_WARN_SUSPICIOUS_MOVE = YES;
				CLANG_WARN_UNGUARDED_AVAILABILITY = YES_AGGRESSIVE;
				CLANG_WARN_UNREACHABLE_CODE = YES;
				CLANG_WARN__DUPLICATE_METHOD_MATCH = YES;
				COPY_PHASE_STRIP = NO;
				DEBUG_INFORMATION_FORMAT = dwarf;
				ENABLE_STRICT_OBJC_MSGSEND = YES;
				ENABLE_TESTABILITY = YES;
				ENABLE_USER_SCRIPT_SANDBOXING = YES;
				GCC_C_LANGUAGE_STANDARD = gnu17;
				GCC_DYNAMIC_NO_PIC = NO;
				GCC_NO_COMMON_BLOCKS = YES;
				GCC_OPTIMIZATION_LEVEL = 0;
				GCC_PREPROCESSOR_DEFINITIONS = (
					"DEBUG=1",
					"$(inherited)",
				);
				GCC_WARN_64_TO_32_BIT_CONVERSION = YES;
				GCC_WARN_ABOUT_RETURN_TYPE = YES_ERROR;
				GCC_WARN_UNDECLARED_SELECTOR = YES;
				GCC_WARN_UNINITIALIZED_AUTOS = YES_AGGRESSIVE;
				GCC_WARN_UNUSED_FUNCTION = YES;
				GCC_WARN_UNUSED_VARIABLE = YES;
				IPHONEOS_DEPLOYMENT_TARGET = 17.5;
				LOCALIZATION_PREFERS_STRING_CATALOGS = YES;
				MTL_ENABLE_DEBUG_INFO = INCLUDE_SOURCE;
				MTL_FAST_MATH = YES;
				ONLY_ACTIVE_ARCH = YES;
				SDKROOT = iphoneos;
				SWIFT_ACTIVE_COMPILATION_CONDITIONS = "DEBUG $(inherited)";
				SWIFT_OPTIMIZATION_LEVEL = "-Onone";
			};
			name = Debug;
		};
		E161D9F12DC22C1E00F0D451 /* Release */ = {
			isa = XCBuildConfiguration;
			buildSettings = {
				ALWAYS_SEARCH_USER_PATHS = NO;
				ASSETCATALOG_COMPILER_GENERATE_SWIFT_ASSET_SYMBOL_EXTENSIONS = YES;
				CLANG_ANALYZER_NONNULL = YES;
				CLANG_ANALYZER_NUMBER_OBJECT_CONVERSION = YES_AGGRESSIVE;
				CLANG_CXX_LANGUAGE_STANDARD = "gnu++20";
				CLANG_ENABLE_MODULES = YES;
				CLANG_ENABLE_OBJC_ARC = YES;
				CLANG_ENABLE_OBJC_WEAK = YES;
				CLANG_WARN_BLOCK_CAPTURE_AUTORELEASING = YES;
				CLANG_WARN_BOOL_CONVERSION = YES;
				CLANG_WARN_COMMA = YES;
				CLANG_WARN_CONSTANT_CONVERSION = YES;
				CLANG_WARN_DEPRECATED_OBJC_IMPLEMENTATIONS = YES;
				CLANG_WARN_DIRECT_OBJC_ISA_USAGE = YES_ERROR;
				CLANG_WARN_DOCUMENTATION_COMMENTS = YES;
				CLANG_WARN_EMPTY_BODY = YES;
				CLANG_WARN_ENUM_CONVERSION = YES;
				CLANG_WARN_INFINITE_RECURSION = YES;
				CLANG_WARN_INT_CONVERSION = YES;
				CLANG_WARN_NON_LITERAL_NULL_CONVERSION = YES;
				CLANG_WARN_OBJC_IMPLICIT_RETAIN_SELF = YES;
				CLANG_WARN_OBJC_LITERAL_CONVERSION = YES;
				CLANG_WARN_OBJC_ROOT_CLASS = YES_ERROR;
				CLANG_WARN_QUOTED_INCLUDE_IN_FRAMEWORK_HEADER = YES;
				CLANG_WARN_RANGE_LOOP_ANALYSIS = YES;
				CLANG_WARN_STRICT_PROTOTYPES = YES;
				CLANG_WARN_SUSPICIOUS_MOVE = YES;
				CLANG_WARN_UNGUARDED_AVAILABILITY = YES_AGGRESSIVE;
				CLANG_WARN_UNREACHABLE_CODE = YES;
				CLANG_WARN__DUPLICATE_METHOD_MATCH = YES;
				COPY_PHASE_STRIP = NO;
				DEBUG_INFORMATION_FORMAT = "dwarf-with-dsym";
				ENABLE_NS_ASSERTIONS = NO;
				ENABLE_STRICT_OBJC_MSGSEND = YES;
				ENABLE_USER_SCRIPT_SANDBOXING = YES;
				GCC_C_LANGUAGE_STANDARD = gnu17;
				GCC_NO_COMMON_BLOCKS = YES;
				GCC_WARN_64_TO_32_BIT_CONVERSION = YES;
				GCC_WARN_ABOUT_RETURN_TYPE = YES_ERROR;
				GCC_WARN_UNDECLARED_SELECTOR = YES;
				GCC_WARN_UNINITIALIZED_AUTOS = YES_AGGRESSIVE;
				GCC_WARN_UNUSED_FUNCTION = YES;
				GCC_WARN_UNUSED_VARIABLE = YES;
				IPHONEOS_DEPLOYMENT_TARGET = 17.5;
				LOCALIZATION_PREFERS_STRING_CATALOGS = YES;
				MTL_ENABLE_DEBUG_INFO = NO;
				MTL_FAST_MATH = YES;
				SDKROOT = iphoneos;
				SWIFT_COMPILATION_MODE = wholemodule;
				VALIDATE_PRODUCT = YES;
			};
			name = Release;
		};
		E161D9F32DC22C1E00F0D451 /* Debug */ = {
			isa = XCBuildConfiguration;
			buildSettings = {
				ASSETCATALOG_COMPILER_APPICON_NAME = AppIcon;
				ASSETCATALOG_COMPILER_GLOBAL_ACCENT_COLOR_NAME = AccentColor;
				CODE_SIGN_STYLE = Automatic;
				CURRENT_PROJECT_VERSION = 1;
				DEVELOPMENT_ASSET_PATHS = "\"SwiftUIAppFinal2568/Preview Content\"";
				DEVELOPMENT_TEAM = KR2GJB29TL;
				ENABLE_PREVIEWS = YES;
				GENERATE_INFOPLIST_FILE = YES;
				INFOPLIST_FILE = SwiftUIAppFinal2568/Info.plist;
				INFOPLIST_KEY_NSCameraUsageDescription = "ขอใช้กล้องหน่อยครับ";
				INFOPLIST_KEY_NSPhotoLibraryAddUsageDescription = "ขอเพิ่มรูปไปที่Libraryหน่อยครับ";
				INFOPLIST_KEY_NSPhotoLibraryUsageDescription = "ขอเข้าถึงLibraryหน่อยครับ";
				INFOPLIST_KEY_UIApplicationSceneManifest_Generation = YES;
				INFOPLIST_KEY_UIApplicationSupportsIndirectInputEvents = YES;
				INFOPLIST_KEY_UILaunchScreen_Generation = YES;
				INFOPLIST_KEY_UISupportedInterfaceOrientations_iPad = "UIInterfaceOrientationPortrait UIInterfaceOrientationPortraitUpsideDown UIInterfaceOrientationLandscapeLeft UIInterfaceOrientationLandscapeRight";
				INFOPLIST_KEY_UISupportedInterfaceOrientations_iPhone = "UIInterfaceOrientationPortrait UIInterfaceOrientationLandscapeLeft UIInterfaceOrientationLandscapeRight";
				IPHONEOS_DEPLOYMENT_TARGET = 17.0;
				LD_RUNPATH_SEARCH_PATHS = (
					"$(inherited)",
					"@executable_path/Frameworks",
				);
				MARKETING_VERSION = 1.0;
				PRODUCT_BUNDLE_IDENTIFIER = cosci.SwiftUIAppFinal2568;
				PRODUCT_NAME = "$(TARGET_NAME)";
				SWIFT_EMIT_LOC_STRINGS = YES;
				SWIFT_VERSION = 5.0;
				TARGETED_DEVICE_FAMILY = "1,2";
			};
			name = Debug;
		};
		E161D9F42DC22C1E00F0D451 /* Release */ = {
			isa = XCBuildConfiguration;
			buildSettings = {
				ASSETCATALOG_COMPILER_APPICON_NAME = AppIcon;
				ASSETCATALOG_COMPILER_GLOBAL_ACCENT_COLOR_NAME = AccentColor;
				CODE_SIGN_STYLE = Automatic;
				CURRENT_PROJECT_VERSION = 1;
				DEVELOPMENT_ASSET_PATHS = "\"SwiftUIAppFinal2568/Preview Content\"";
				DEVELOPMENT_TEAM = KR2GJB29TL;
				ENABLE_PREVIEWS = YES;
				GENERATE_INFOPLIST_FILE = YES;
				INFOPLIST_FILE = SwiftUIAppFinal2568/Info.plist;
				INFOPLIST_KEY_NSCameraUsageDescription = "ขอใช้กล้องหน่อยครับ";
				INFOPLIST_KEY_NSPhotoLibraryAddUsageDescription = "ขอเพิ่มรูปไปที่Libraryหน่อยครับ";
				INFOPLIST_KEY_NSPhotoLibraryUsageDescription = "ขอเข้าถึงLibraryหน่อยครับ";
				INFOPLIST_KEY_UIApplicationSceneManifest_Generation = YES;
				INFOPLIST_KEY_UIApplicationSupportsIndirectInputEvents = YES;
				INFOPLIST_KEY_UILaunchScreen_Generation = YES;
				INFOPLIST_KEY_UISupportedInterfaceOrientations_iPad = "UIInterfaceOrientationPortrait UIInterfaceOrientationPortraitUpsideDown UIInterfaceOrientationLandscapeLeft UIInterfaceOrientationLandscapeRight";
				INFOPLIST_KEY_UISupportedInterfaceOrientations_iPhone = "UIInterfaceOrientationPortrait UIInterfaceOrientationLandscapeLeft UIInterfaceOrientationLandscapeRight";
				IPHONEOS_DEPLOYMENT_TARGET = 17.0;
				LD_RUNPATH_SEARCH_PATHS = (
					"$(inherited)",
					"@executable_path/Frameworks",
				);
				MARKETING_VERSION = 1.0;
				PRODUCT_BUNDLE_IDENTIFIER = cosci.SwiftUIAppFinal2568;
				PRODUCT_NAME = "$(TARGET_NAME)";
				SWIFT_EMIT_LOC_STRINGS = YES;
				SWIFT_VERSION = 5.0;
				TARGETED_DEVICE_FAMILY = "1,2";
			};
			name = Release;
		};
/* End XCBuildConfiguration section */

/* Begin XCConfigurationList section */
		E161D9DF2DC22C1D00F0D451 /* Build configuration list for PBXProject "SwiftUIAppFinal2568" */ = {
			isa = XCConfigurationList;
			buildConfigurations = (
				E161D9F02DC22C1E00F0D451 /* Debug */,
				E161D9F12DC22C1E00F0D451 /* Release */,
			);
			defaultConfigurationIsVisible = 0;
			defaultConfigurationName = Release;
		};
		E161D9F22DC22C1E00F0D451 /* Build configuration list for PBXNativeTarget "SwiftUIAppFinal2568" */ = {
			isa = XCConfigurationList;
			buildConfigurations = (
				E161D9F32DC22C1E00F0D451 /* Debug */,
				E161D9F42DC22C1E00F0D451 /* Release */,
			);
			defaultConfigurationIsVisible = 0;
			defaultConfigurationName = Release;
		};
/* End XCConfigurationList section */

/* Begin XCRemoteSwiftPackageReference section */
		E10CE2152DD25BE0009B0821 /* XCRemoteSwiftPackageReference "firebase-ios-sdk" */ = {
			isa = XCRemoteSwiftPackageReference;
			repositoryURL = "https://github.com/firebase/firebase-ios-sdk";
			requirement = {
				kind = upToNextMajorVersion;
				minimumVersion = 11.12.0;
			};
		};
/* End XCRemoteSwiftPackageReference section */

/* Begin XCSwiftPackageProductDependency section */
		E10CE2162DD25BE0009B0821 /* FirebaseAuth */ = {
			isa = XCSwiftPackageProductDependency;
			package = E10CE2152DD25BE0009B0821 /* XCRemoteSwiftPackageReference "firebase-ios-sdk" */;
			productName = FirebaseAuth;
		};
		E10CE2182DD25BE0009B0821 /* FirebaseCore */ = {
			isa = XCSwiftPackageProductDependency;
			package = E10CE2152DD25BE0009B0821 /* XCRemoteSwiftPackageReference "firebase-ios-sdk" */;
			productName = FirebaseCore;
		};
		E10CE21A2DD25BE0009B0821 /* FirebaseFirestore */ = {
			isa = XCSwiftPackageProductDependency;
			package = E10CE2152DD25BE0009B0821 /* XCRemoteSwiftPackageReference "firebase-ios-sdk" */;
			productName = FirebaseFirestore;
		};
/* End XCSwiftPackageProductDependency section */
	};
	rootObject = E161D9DC2DC22C1D00F0D451 /* Project object */;
}
